
Microsoft Visual Studio Solution File, Format Version 12.00
# Visual Studio 15
VisualStudioVersion = 15.0.27703.2042
MinimumVisualStudioVersion = 10.0.40219.1
Project("{FAE04EC0-301F-11D3-BF4B-00C04F79EFBC}") = "mvcyönc", "mvcyönc\mvcyönc.csproj", "{07629FFB-CD45-46CD-8587-EA0446D3813F}"
EndProject
Global
	GlobalSection(SolutionConfigurationPlatforms) = preSolution
		Debug|Any CPU = Debug|Any CPU
		Release|Any CPU = Release|Any CPU
	EndGlobalSection
	GlobalSection(ProjectConfigurationPlatforms) = postSolution
		{07629FFB-CD45-46CD-8587-EA0446D3813F}.Debug|Any CPU.ActiveCfg = Debug|Any CPU
		{07629FFB-CD45-46CD-8587-EA0446D3813F}.Debug|Any CPU.Build.0 = Debug|Any CPU
		{07629FFB-CD45-46CD-8587-EA0446D3813F}.Release|Any CPU.ActiveCfg = Release|Any CPU
		{07629FFB-CD45-46CD-8587-EA0446D3813F}.Release|Any CPU.Build.0 = Release|Any CPU
	EndGlobalSection
	GlobalSection(SolutionProperties) = preSolution
		HideSolutionNode = FALSE
	EndGlobalSection
	GlobalSection(ExtensibilityGlobals) = postSolution
		SolutionGuid = {2989956E-A83D-46B4-B968-9C9DEEBD2CC3}
	EndGlobalSection
EndGlobal
